
Microsoft Visual Studio Solution File, Format Version 12.00
# Visual Studio Version 17
VisualStudioVersion = 17.3.32901.215
MinimumVisualStudioVersion = 10.0.40219.1
Project("{9A19103F-16F7-4668-BE54-9A1E7A4F7556}") = "MVC completo-4", "MVC completo-4\MVC completo-4.csproj", "{4D7981A2-148D-4E68-9873-4C0EB4C26B18}"
EndProject
Project("{FAE04EC0-301F-11D3-BF4B-00C04F79EFBC}") = "DAL", "DAL\DAL.csproj", "{FD4DC31F-5DE2-4A8E-8EE4-1B2EE1CD6868}"
EndProject
Global
	GlobalSection(SolutionConfigurationPlatforms) = preSolution
		Debug|Any CPU = Debug|Any CPU
		Release|Any CPU = Release|Any CPU
	EndGlobalSection
	GlobalSection(ProjectConfigurationPlatforms) = postSolution
		{4D7981A2-148D-4E68-9873-4C0EB4C26B18}.Debug|Any CPU.ActiveCfg = Debug|Any CPU
		{4D7981A2-148D-4E68-9873-4C0EB4C26B18}.Debug|Any CPU.Build.0 = Debug|Any CPU
		{4D7981A2-148D-4E68-9873-4C0EB4C26B18}.Release|Any CPU.ActiveCfg = Release|Any CPU
		{4D7981A2-148D-4E68-9873-4C0EB4C26B18}.Release|Any CPU.Build.0 = Release|Any CPU
		{FD4DC31F-5DE2-4A8E-8EE4-1B2EE1CD6868}.Debug|Any CPU.ActiveCfg = Debug|Any CPU
		{FD4DC31F-5DE2-4A8E-8EE4-1B2EE1CD6868}.Debug|Any CPU.Build.0 = Debug|Any CPU
		{FD4DC31F-5DE2-4A8E-8EE4-1B2EE1CD6868}.Release|Any CPU.ActiveCfg = Release|Any CPU
		{FD4DC31F-5DE2-4A8E-8EE4-1B2EE1CD6868}.Release|Any CPU.Build.0 = Release|Any CPU
	EndGlobalSection
	GlobalSection(SolutionProperties) = preSolution
		HideSolutionNode = FALSE
	EndGlobalSection
	GlobalSection(ExtensibilityGlobals) = postSolution
		SolutionGuid = {2A8B126D-331E-4B19-AD90-37DFC47BF8E5}
	EndGlobalSection
EndGlobal
